
Microsoft Visual Studio Solution File, Format Version 12.00
# Visual Studio Version 16
VisualStudioVersion = 16.0.30330.147
MinimumVisualStudioVersion = 10.0.40219.1
Project("{FAE04EC0-301F-11D3-BF4B-00C04F79EFBC}") = "WCF-LotoCB", "WCF-LotoCB\WCF-LotoCB.csproj", "{BF0AB908-FD77-47AC-86FB-D7672362061A}"
EndProject
Project("{FAE04EC0-301F-11D3-BF4B-00C04F79EFBC}") = "Klijent", "Klijent\Klijent.csproj", "{DAB42AB4-DD31-4CA4-8551-B7B8E3A37D37}"
	ProjectSection(ProjectDependencies) = postProject
		{BF0AB908-FD77-47AC-86FB-D7672362061A} = {BF0AB908-FD77-47AC-86FB-D7672362061A}
	EndProjectSection
EndProject
Global
	GlobalSection(SolutionConfigurationPlatforms) = preSolution
		Debug|Any CPU = Debug|Any CPU
		Release|Any CPU = Release|Any CPU
	EndGlobalSection
	GlobalSection(ProjectConfigurationPlatforms) = postSolution
		{BF0AB908-FD77-47AC-86FB-D7672362061A}.Debug|Any CPU.ActiveCfg = Debug|Any CPU
		{BF0AB908-FD77-47AC-86FB-D7672362061A}.Debug|Any CPU.Build.0 = Debug|Any CPU
		{BF0AB908-FD77-47AC-86FB-D7672362061A}.Release|Any CPU.ActiveCfg = Release|Any CPU
		{BF0AB908-FD77-47AC-86FB-D7672362061A}.Release|Any CPU.Build.0 = Release|Any CPU
		{DAB42AB4-DD31-4CA4-8551-B7B8E3A37D37}.Debug|Any CPU.ActiveCfg = Debug|Any CPU
		{DAB42AB4-DD31-4CA4-8551-B7B8E3A37D37}.Debug|Any CPU.Build.0 = Debug|Any CPU
		{DAB42AB4-DD31-4CA4-8551-B7B8E3A37D37}.Release|Any CPU.ActiveCfg = Release|Any CPU
		{DAB42AB4-DD31-4CA4-8551-B7B8E3A37D37}.Release|Any CPU.Build.0 = Release|Any CPU
	EndGlobalSection
	GlobalSection(SolutionProperties) = preSolution
		HideSolutionNode = FALSE
	EndGlobalSection
	GlobalSection(ExtensibilityGlobals) = postSolution
		SolutionGuid = {C4BC6CB5-3566-4676-BCFA-0795C061D34B}
	EndGlobalSection
EndGlobal
